// !$*UTF8*$!
{
	archiveVersion = 1;
	classes = {
	};
	objectVersion = 46;
	objects = {

/* Begin PBXBuildFile section */
		7726003F13DE29D5005958B0 /* AVFoundation.framework in Frameworks */ = {isa = PBXBuildFile; fileRef = 7726003E13DE29D5005958B0 /* AVFoundation.framework */; };
		7726004113DE2B80005958B0 /* QuartzCore.framework in Frameworks */ = {isa = PBXBuildFile; fileRef = 7726004013DE2B80005958B0 /* QuartzCore.framework */; };
		7726004313DE3E19005958B0 /* CoreVideo.framework in Frameworks */ = {isa = PBXBuildFile; fileRef = 7726004213DE3E19005958B0 /* CoreVideo.framework */; };
		775EC06713DE18390053D962 /* UIKit.framework in Frameworks */ = {isa = PBXBuildFile; fileRef = 775EC06613DE18390053D962 /* UIKit.framework */; };
		775EC06913DE18390053D962 /* Foundation.framework in Frameworks */ = {isa = PBXBuildFile; fileRef = 775EC06813DE18390053D962 /* Foundation.framework */; };
		775EC06B13DE18390053D962 /* CoreGraphics.framework in Frameworks */ = {isa = PBXBuildFile; fileRef = 775EC06A13DE18390053D962 /* CoreGraphics.framework */; };
		775EC07113DE18390053D962 /* InfoPlist.strings in Resources */ = {isa = PBXBuildFile; fileRef = 775EC06F13DE18390053D962 /* InfoPlist.strings */; };
		775EC07313DE18390053D962 /* main.m in Sources */ = {isa = PBXBuildFile; fileRef = 775EC07213DE18390053D962 /* main.m */; };
		775EC07713DE18390053D962 /* CoreImage_CameraAppDelegate.m in Sources */ = {isa = PBXBuildFile; fileRef = 775EC07613DE18390053D962 /* CoreImage_CameraAppDelegate.m */; };
		775EC07A13DE183A0053D962 /* MainStoryboard.storyboard in Resources */ = {isa = PBXBuildFile; fileRef = 775EC07813DE183A0053D962 /* MainStoryboard.storyboard */; };
		775EC07D13DE183A0053D962 /* CoreImage_CameraViewController.m in Sources */ = {isa = PBXBuildFile; fileRef = 775EC07C13DE183A0053D962 /* CoreImage_CameraViewController.m */; };
/* End PBXBuildFile section */

/* Begin PBXFileReference section */
		7726003E13DE29D5005958B0 /* AVFoundation.framework */ = {isa = PBXFileReference; lastKnownFileType = wrapper.framework; name = AVFoundation.framework; path = System/Library/Frameworks/AVFoundation.framework; sourceTree = SDKROOT; };
		7726004013DE2B80005958B0 /* QuartzCore.framework */ = {isa = PBXFileReference; lastKnownFileType = wrapper.framework; name = QuartzCore.framework; path = System/Library/Frameworks/QuartzCore.framework; sourceTree = SDKROOT; };
		7726004213DE3E19005958B0 /* CoreVideo.framework */ = {isa = PBXFileReference; lastKnownFileType = wrapper.framework; name = CoreVideo.framework; path = System/Library/Frameworks/CoreVideo.framework; sourceTree = SDKROOT; };
		775EC06213DE18390053D962 /* CoreImage-Camera.app */ = {isa = PBXFileReference; explicitFileType = wrapper.application; includeInIndex = 0; path = "CoreImage-Camera.app"; sourceTree = BUILT_PRODUCTS_DIR; };
		775EC06613DE18390053D962 /* UIKit.framework */ = {isa = PBXFileReference; lastKnownFileType = wrapper.framework; name = UIKit.framework; path = System/Library/Frameworks/UIKit.framework; sourceTree = SDKROOT; };
		775EC06813DE18390053D962 /* Foundation.framework */ = {isa = PBXFileReference; lastKnownFileType = wrapper.framework; name = Foundation.framework; path = System/Library/Frameworks/Foundation.framework; sourceTree = SDKROOT; };
		775EC06A13DE18390053D962 /* CoreGraphics.framework */ = {isa = PBXFileReference; lastKnownFileType = wrapper.framework; name = CoreGraphics.framework; path = System/Library/Frameworks/CoreGraphics.framework; sourceTree = SDKROOT; };
		775EC06E13DE18390053D962 /* CoreImage-Camera-Info.plist */ = {isa = PBXFileReference; lastKnownFileType = text.plist.xml; path = "CoreImage-Camera-Info.plist"; sourceTree = "<group>"; };
		775EC07013DE18390053D962 /* en */ = {isa = PBXFileReference; lastKnownFileType = text.plist.strings; name = en; path = en.lproj/InfoPlist.strings; sourceTree = "<group>"; };
		775EC07213DE18390053D962 /* main.m */ = {isa = PBXFileReference; lastKnownFileType = sourcecode.c.objc; path = main.m; sourceTree = "<group>"; };
		775EC07413DE18390053D962 /* CoreImage-Camera-Prefix.pch */ = {isa = PBXFileReference; lastKnownFileType = sourcecode.c.h; path = "CoreImage-Camera-Prefix.pch"; sourceTree = "<group>"; };
		775EC07513DE18390053D962 /* CoreImage_CameraAppDelegate.h */ = {isa = PBXFileReference; lastKnownFileType = sourcecode.c.h; path = CoreImage_CameraAppDelegate.h; sourceTree = "<group>"; };
		775EC07613DE18390053D962 /* CoreImage_CameraAppDelegate.m */ = {isa = PBXFileReference; lastKnownFileType = sourcecode.c.objc; path = CoreImage_CameraAppDelegate.m; sourceTree = "<group>"; };
		775EC07913DE183A0053D962 /* en */ = {isa = PBXFileReference; lastKnownFileType = file.storyboard; name = en; path = en.lproj/MainStoryboard.storyboard; sourceTree = "<group>"; };
		775EC07B13DE183A0053D962 /* CoreImage_CameraViewController.h */ = {isa = PBXFileReference; lastKnownFileType = sourcecode.c.h; path = CoreImage_CameraViewController.h; sourceTree = "<group>"; };
		775EC07C13DE183A0053D962 /* CoreImage_CameraViewController.m */ = {isa = PBXFileReference; lastKnownFileType = sourcecode.c.objc; path = CoreImage_CameraViewController.m; sourceTree = "<group>"; };
/* End PBXFileReference section */

/* Begin PBXFrameworksBuildPhase section */
		775EC05F13DE18380053D962 /* Frameworks */ = {
			isa = PBXFrameworksBuildPhase;
			buildActionMask = 2147483647;
			files = (
				775EC06713DE18390053D962 /* UIKit.framework in Frameworks */,
				775EC06913DE18390053D962 /* Foundation.framework in Frameworks */,
				775EC06B13DE18390053D962 /* CoreGraphics.framework in Frameworks */,
				7726003F13DE29D5005958B0 /* AVFoundation.framework in Frameworks */,
				7726004113DE2B80005958B0 /* QuartzCore.framework in Frameworks */,
				7726004313DE3E19005958B0 /* CoreVideo.framework in Frameworks */,
			);
			runOnlyForDeploymentPostprocessing = 0;
		};
/* End PBXFrameworksBuildPhase section */

/* Begin PBXGroup section */
		775EC05713DE18360053D962 = {
			isa = PBXGroup;
			children = (
				775EC06C13DE18390053D962 /* CoreImage-Camera */,
				775EC06513DE18390053D962 /* Frameworks */,
				775EC06313DE18390053D962 /* Products */,
			);
			sourceTree = "<group>";
		};
		775EC06313DE18390053D962 /* Products */ = {
			isa = PBXGroup;
			children = (
				775EC06213DE18390053D962 /* CoreImage-Camera.app */,
			);
			name = Products;
			sourceTree = "<group>";
		};
		775EC06513DE18390053D962 /* Frameworks */ = {
			isa = PBXGroup;
			children = (
				7726004213DE3E19005958B0 /* CoreVideo.framework */,
				7726004013DE2B80005958B0 /* QuartzCore.framework */,
				7726003E13DE29D5005958B0 /* AVFoundation.framework */,
				775EC06613DE18390053D962 /* UIKit.framework */,
				775EC06813DE18390053D962 /* Foundation.framework */,
				775EC06A13DE18390053D962 /* CoreGraphics.framework */,
			);
			name = Frameworks;
			sourceTree = "<group>";
		};
		775EC06C13DE18390053D962 /* CoreImage-Camera */ = {
			isa = PBXGroup;
			children = (
				775EC07513DE18390053D962 /* CoreImage_CameraAppDelegate.h */,
				775EC07613DE18390053D962 /* CoreImage_CameraAppDelegate.m */,
				775EC07813DE183A0053D962 /* MainStoryboard.storyboard */,
				775EC07B13DE183A0053D962 /* CoreImage_CameraViewController.h */,
				775EC07C13DE183A0053D962 /* CoreImage_CameraViewController.m */,
				775EC06D13DE18390053D962 /* Supporting Files */,
			);
			path = "CoreImage-Camera";
			sourceTree = "<group>";
		};
		775EC06D13DE18390053D962 /* Supporting Files */ = {
			isa = PBXGroup;
			children = (
				775EC06E13DE18390053D962 /* CoreImage-Camera-Info.plist */,
				775EC06F13DE18390053D962 /* InfoPlist.strings */,
				775EC07213DE18390053D962 /* main.m */,
				775EC07413DE18390053D962 /* CoreImage-Camera-Prefix.pch */,
			);
			name = "Supporting Files";
			sourceTree = "<group>";
		};
/* End PBXGroup section */

/* Begin PBXNativeTarget section */
		775EC06113DE18380053D962 /* CoreImage-Camera */ = {
			isa = PBXNativeTarget;
			buildConfigurationList = 775EC08013DE183A0053D962 /* Build configuration list for PBXNativeTarget "CoreImage-Camera" */;
			buildPhases = (
				775EC05E13DE18380053D962 /* Sources */,
				775EC05F13DE18380053D962 /* Frameworks */,
				775EC06013DE18380053D962 /* Resources */,
			);
			buildRules = (
			);
			dependencies = (
			);
			name = "CoreImage-Camera";
			productName = "CoreImage-Camera";
			productReference = 775EC06213DE18390053D962 /* CoreImage-Camera.app */;
			productType = "com.apple.product-type.application";
		};
/* End PBXNativeTarget section */

/* Begin PBXProject section */
		775EC05913DE18370053D962 /* Project object */ = {
			isa = PBXProject;
			attributes = {
				LastUpgradeCheck = 0420;
			};
			buildConfigurationList = 775EC05C13DE18370053D962 /* Build configuration list for PBXProject "CoreImage-Camera" */;
			compatibilityVersion = "Xcode 3.2";
			developmentRegion = English;
			hasScannedForEncodings = 0;
			knownRegions = (
				en,
			);
			mainGroup = 775EC05713DE18360053D962;
			productRefGroup = 775EC06313DE18390053D962 /* Products */;
			projectDirPath = "";
			projectRoot = "";
			targets = (
				775EC06113DE18380053D962 /* CoreImage-Camera */,
			);
		};
/* End PBXProject section */

/* Begin PBXResourcesBuildPhase section */
		775EC06013DE18380053D962 /* Resources */ = {
			isa = PBXResourcesBuildPhase;
			buildActionMask = 2147483647;
			files = (
				775EC07113DE18390053D962 /* InfoPlist.strings in Resources */,
				775EC07A13DE183A0053D962 /* MainStoryboard.storyboard in Resources */,
			);
			runOnlyForDeploymentPostprocessing = 0;
		};
/* End PBXResourcesBuildPhase section */

/* Begin PBXSourcesBuildPhase section */
		775EC05E13DE18380053D962 /* Sources */ = {
			isa = PBXSourcesBuildPhase;
			buildActionMask = 2147483647;
			files = (
				775EC07313DE18390053D962 /* main.m in Sources */,
				775EC07713DE18390053D962 /* CoreImage_CameraAppDelegate.m in Sources */,
				775EC07D13DE183A0053D962 /* CoreImage_CameraViewController.m in Sources */,
			);
			runOnlyForDeploymentPostprocessing = 0;
		};
/* End PBXSourcesBuildPhase section */

/* Begin PBXVariantGroup section */
		775EC06F13DE18390053D962 /* InfoPlist.strings */ = {
			isa = PBXVariantGroup;
			children = (
				775EC07013DE18390053D962 /* en */,
			);
			name = InfoPlist.strings;
			sourceTree = "<group>";
		};
		775EC07813DE183A0053D962 /* MainStoryboard.storyboard */ = {
			isa = PBXVariantGroup;
			children = (
				775EC07913DE183A0053D962 /* en */,
			);
			name = MainStoryboard.storyboard;
			sourceTree = "<group>";
		};
/* End PBXVariantGroup section */

/* Begin XCBuildConfiguration section */
		775EC07E13DE183A0053D962 /* Debug */ = {
			isa = XCBuildConfiguration;
			buildSettings = {
				ALWAYS_SEARCH_USER_PATHS = NO;
				ARCHS = "$(ARCHS_STANDARD_32_BIT)";
				CLANG_ENABLE_OBJC_ARC = YES;
				"CODE_SIGN_IDENTITY[sdk=iphoneos*]" = "iPhone Developer";
				COPY_PHASE_STRIP = NO;
				GCC_C_LANGUAGE_STANDARD = gnu99;
				GCC_DYNAMIC_NO_PIC = NO;
				GCC_OPTIMIZATION_LEVEL = 0;
				GCC_PREPROCESSOR_DEFINITIONS = (
					"DEBUG=1",
					"$(inherited)",
				);
				GCC_SYMBOLS_PRIVATE_EXTERN = NO;
				GCC_VERSION = com.apple.compilers.llvm.clang.1_0;
				GCC_WARN_ABOUT_MISSING_PROTOTYPES = YES;
				GCC_WARN_ABOUT_RETURN_TYPE = YES;
				GCC_WARN_UNUSED_VARIABLE = YES;
				IPHONEOS_DEPLOYMENT_TARGET = 5.0;
				ONLY_ACTIVE_ARCH = YES;
				SDKROOT = iphoneos;
				TARGETED_DEVICE_FAMILY = 2;
			};
			name = Debug;
		};
		775EC07F13DE183A0053D962 /* Release */ = {
			isa = XCBuildConfiguration;
			buildSettings = {
				ALWAYS_SEARCH_USER_PATHS = NO;
				ARCHS = "$(ARCHS_STANDARD_32_BIT)";
				CLANG_ENABLE_OBJC_ARC = YES;
				"CODE_SIGN_IDENTITY[sdk=iphoneos*]" = "iPhone Developer";
				COPY_PHASE_STRIP = YES;
				GCC_C_LANGUAGE_STANDARD = gnu99;
				GCC_VERSION = com.apple.compilers.llvm.clang.1_0;
				GCC_WARN_ABOUT_MISSING_PROTOTYPES = YES;
				GCC_WARN_ABOUT_RETURN_TYPE = YES;
				GCC_WARN_UNUSED_VARIABLE = YES;
				IPHONEOS_DEPLOYMENT_TARGET = 5.0;
				ONLY_ACTIVE_ARCH = YES;
				OTHER_CFLAGS = "-DNS_BLOCK_ASSERTIONS=1";
				SDKROOT = iphoneos;
				TARGETED_DEVICE_FAMILY = 2;
				VALIDATE_PRODUCT = YES;
			};
			name = Release;
		};
		775EC08113DE183A0053D962 /* Debug */ = {
			isa = XCBuildConfiguration;
			buildSettings = {
				CLANG_ENABLE_OBJC_ARC = NO;
				GCC_PRECOMPILE_PREFIX_HEADER = YES;
				GCC_PREFIX_HEADER = "CoreImage-Camera/CoreImage-Camera-Prefix.pch";
				INFOPLIST_FILE = "CoreImage-Camera/CoreImage-Camera-Info.plist";
				PRODUCT_NAME = "$(TARGET_NAME)";
				WRAPPER_EXTENSION = app;
			};
			name = Debug;
		};
		775EC08213DE183A0053D962 /* Release */ = {
			isa = XCBuildConfiguration;
			buildSettings = {
				CLANG_ENABLE_OBJC_ARC = NO;
				GCC_PRECOMPILE_PREFIX_HEADER = YES;
				GCC_PREFIX_HEADER = "CoreImage-Camera/CoreImage-Camera-Prefix.pch";
				INFOPLIST_FILE = "CoreImage-Camera/CoreImage-Camera-Info.plist";
				PRODUCT_NAME = "$(TARGET_NAME)";
				WRAPPER_EXTENSION = app;
			};
			name = Release;
		};
/* End XCBuildConfiguration section */

/* Begin XCConfigurationList section */
		775EC05C13DE18370053D962 /* Build configuration list for PBXProject "CoreImage-Camera" */ = {
			isa = XCConfigurationList;
			buildConfigurations = (
				775EC07E13DE183A0053D962 /* Debug */,
				775EC07F13DE183A0053D962 /* Release */,
			);
			defaultConfigurationIsVisible = 0;
			defaultConfigurationName = Release;
		};
		775EC08013DE183A0053D962 /* Build configuration list for PBXNativeTarget "CoreImage-Camera" */ = {
			isa = XCConfigurationList;
			buildConfigurations = (
				775EC08113DE183A0053D962 /* Debug */,
				775EC08213DE183A0053D962 /* Release */,
			);
			defaultConfigurationIsVisible = 0;
			defaultConfigurationName = Release;
		};
/* End XCConfigurationList section */
	};
	rootObject = 775EC05913DE18370053D962 /* Project object */;
}
